
Microsoft Visual Studio Solution File, Format Version 12.00
# Visual Studio Version 17
VisualStudioVersion = 17.9.34616.47
MinimumVisualStudioVersion = 10.0.40219.1
Project("{FAE04EC0-301F-11D3-BF4B-00C04F79EFBC}") = "DbExtract", "DbExtract\DbExtract.csproj", "{73A91B23-CA76-437E-B872-242E11AA8D7E}"
EndProject
Global
	GlobalSection(SolutionConfigurationPlatforms) = preSolution
		Debug|Any CPU = Debug|Any CPU
		Release|Any CPU = Release|Any CPU
	EndGlobalSection
	GlobalSection(ProjectConfigurationPlatforms) = postSolution
		{73A91B23-CA76-437E-B872-242E11AA8D7E}.Debug|Any CPU.ActiveCfg = Debug|Any CPU
		{73A91B23-CA76-437E-B872-242E11AA8D7E}.Debug|Any CPU.Build.0 = Debug|Any CPU
		{73A91B23-CA76-437E-B872-242E11AA8D7E}.Release|Any CPU.ActiveCfg = Release|Any CPU
		{73A91B23-CA76-437E-B872-242E11AA8D7E}.Release|Any CPU.Build.0 = Release|Any CPU
	EndGlobalSection
	GlobalSection(SolutionProperties) = preSolution
		HideSolutionNode = FALSE
	EndGlobalSection
	GlobalSection(ExtensibilityGlobals) = postSolution
		SolutionGuid = {EC6380ED-5240-4579-A9ED-358B63E169F2}
	EndGlobalSection
EndGlobal
